
Microsoft Visual Studio Solution File, Format Version 12.00
# Visual Studio Version 17
VisualStudioVersion = 17.5.33530.505
MinimumVisualStudioVersion = 10.0.40219.1
Project("{FAE04EC0-301F-11D3-BF4B-00C04F79EFBC}") = "ejercicio3_sem3", "ejercicio3_sem3\ejercicio3_sem3.csproj", "{9F266C1A-3538-4887-9F18-BB700D92D245}"
EndProject
Global
	GlobalSection(SolutionConfigurationPlatforms) = preSolution
		Debug|Any CPU = Debug|Any CPU
		Release|Any CPU = Release|Any CPU
	EndGlobalSection
	GlobalSection(ProjectConfigurationPlatforms) = postSolution
		{9F266C1A-3538-4887-9F18-BB700D92D245}.Debug|Any CPU.ActiveCfg = Debug|Any CPU
		{9F266C1A-3538-4887-9F18-BB700D92D245}.Debug|Any CPU.Build.0 = Debug|Any CPU
		{9F266C1A-3538-4887-9F18-BB700D92D245}.Release|Any CPU.ActiveCfg = Release|Any CPU
		{9F266C1A-3538-4887-9F18-BB700D92D245}.Release|Any CPU.Build.0 = Release|Any CPU
	EndGlobalSection
	GlobalSection(SolutionProperties) = preSolution
		HideSolutionNode = FALSE
	EndGlobalSection
	GlobalSection(ExtensibilityGlobals) = postSolution
		SolutionGuid = {41900D02-B250-407A-9827-B616140FC3FE}
	EndGlobalSection
EndGlobal
